
Microsoft Visual Studio Solution File, Format Version 12.00
# Visual Studio Version 16
VisualStudioVersion = 16.0.29424.173
MinimumVisualStudioVersion = 10.0.40219.1
Project("{2150E333-8FDC-42A3-9474-1A3956D46DE8}") = "src", "src", "{6C7E5914-CD6B-40F1-BFD7-8FB17E3EAE11}"
EndProject
Project("{2150E333-8FDC-42A3-9474-1A3956D46DE8}") = "test", "test", "{9D50B35B-1EAA-4620-B0A6-245456051247}"
EndProject
Project("{9A19103F-16F7-4668-BE54-9A1E7A4F7556}") = "YS.Hello", "src\YS.Hello\YS.Hello.csproj", "{528C6869-0EF9-48BC-A183-601AFCCE50BD}"
EndProject
Project("{9A19103F-16F7-4668-BE54-9A1E7A4F7556}") = "YS.Hello.UnitTest", "test\YS.Hello.UnitTest\YS.Hello.UnitTest.csproj", "{2327D54C-ABA8-4CC3-8FEA-ACF52F0B7A11}"
EndProject
Project("{2150E333-8FDC-42A3-9474-1A3956D46DE8}") = "spike", "spike", "{696CF104-5350-43FF-96E9-A9FC234EB075}"
EndProject
Project("{FAE04EC0-301F-11D3-BF4B-00C04F79EFBC}") = "YS.Auth.Id4Server", "spike\YS.Auth.Id4Server\YS.Auth.Id4Server.csproj", "{A9F4F7AF-8B40-484D-8589-C3ACE6C4890D}"
EndProject
Project("{FAE04EC0-301F-11D3-BF4B-00C04F79EFBC}") = "YS.Auth.Api", "spike\YS.Auth.Api\YS.Auth.Api.csproj", "{4A9BA6FF-0571-414E-9E07-8E7652F8217E}"
EndProject
Project("{FAE04EC0-301F-11D3-BF4B-00C04F79EFBC}") = "YS.Auth.ConsoleApp", "spike\YS.Auth.ConsoleApp\YS.Auth.ConsoleApp.csproj", "{08809530-8A46-4568-8F5B-8BFE140176B7}"
EndProject
Project("{FAE04EC0-301F-11D3-BF4B-00C04F79EFBC}") = "YS.Auth.MvcClient2", "spike\YS.Auth.MvcClient2\YS.Auth.MvcClient2.csproj", "{2687C4FA-5DD9-4CEF-91BC-92B65B282BFB}"
EndProject
Global
	GlobalSection(SolutionConfigurationPlatforms) = preSolution
		Debug|Any CPU = Debug|Any CPU
		Release|Any CPU = Release|Any CPU
	EndGlobalSection
	GlobalSection(ProjectConfigurationPlatforms) = postSolution
		{528C6869-0EF9-48BC-A183-601AFCCE50BD}.Debug|Any CPU.ActiveCfg = Debug|Any CPU
		{528C6869-0EF9-48BC-A183-601AFCCE50BD}.Debug|Any CPU.Build.0 = Debug|Any CPU
		{528C6869-0EF9-48BC-A183-601AFCCE50BD}.Release|Any CPU.ActiveCfg = Release|Any CPU
		{528C6869-0EF9-48BC-A183-601AFCCE50BD}.Release|Any CPU.Build.0 = Release|Any CPU
		{2327D54C-ABA8-4CC3-8FEA-ACF52F0B7A11}.Debug|Any CPU.ActiveCfg = Debug|Any CPU
		{2327D54C-ABA8-4CC3-8FEA-ACF52F0B7A11}.Debug|Any CPU.Build.0 = Debug|Any CPU
		{2327D54C-ABA8-4CC3-8FEA-ACF52F0B7A11}.Release|Any CPU.ActiveCfg = Release|Any CPU
		{2327D54C-ABA8-4CC3-8FEA-ACF52F0B7A11}.Release|Any CPU.Build.0 = Release|Any CPU
		{A9F4F7AF-8B40-484D-8589-C3ACE6C4890D}.Debug|Any CPU.ActiveCfg = Debug|Any CPU
		{A9F4F7AF-8B40-484D-8589-C3ACE6C4890D}.Debug|Any CPU.Build.0 = Debug|Any CPU
		{A9F4F7AF-8B40-484D-8589-C3ACE6C4890D}.Release|Any CPU.ActiveCfg = Release|Any CPU
		{A9F4F7AF-8B40-484D-8589-C3ACE6C4890D}.Release|Any CPU.Build.0 = Release|Any CPU
		{4A9BA6FF-0571-414E-9E07-8E7652F8217E}.Debug|Any CPU.ActiveCfg = Debug|Any CPU
		{4A9BA6FF-0571-414E-9E07-8E7652F8217E}.Debug|Any CPU.Build.0 = Debug|Any CPU
		{4A9BA6FF-0571-414E-9E07-8E7652F8217E}.Release|Any CPU.ActiveCfg = Release|Any CPU
		{4A9BA6FF-0571-414E-9E07-8E7652F8217E}.Release|Any CPU.Build.0 = Release|Any CPU
		{08809530-8A46-4568-8F5B-8BFE140176B7}.Debug|Any CPU.ActiveCfg = Debug|Any CPU
		{08809530-8A46-4568-8F5B-8BFE140176B7}.Debug|Any CPU.Build.0 = Debug|Any CPU
		{08809530-8A46-4568-8F5B-8BFE140176B7}.Release|Any CPU.ActiveCfg = Release|Any CPU
		{08809530-8A46-4568-8F5B-8BFE140176B7}.Release|Any CPU.Build.0 = Release|Any CPU
		{2687C4FA-5DD9-4CEF-91BC-92B65B282BFB}.Debug|Any CPU.ActiveCfg = Debug|Any CPU
		{2687C4FA-5DD9-4CEF-91BC-92B65B282BFB}.Debug|Any CPU.Build.0 = Debug|Any CPU
		{2687C4FA-5DD9-4CEF-91BC-92B65B282BFB}.Release|Any CPU.ActiveCfg = Release|Any CPU
		{2687C4FA-5DD9-4CEF-91BC-92B65B282BFB}.Release|Any CPU.Build.0 = Release|Any CPU
	EndGlobalSection
	GlobalSection(SolutionProperties) = preSolution
		HideSolutionNode = FALSE
	EndGlobalSection
	GlobalSection(NestedProjects) = preSolution
		{528C6869-0EF9-48BC-A183-601AFCCE50BD} = {6C7E5914-CD6B-40F1-BFD7-8FB17E3EAE11}
		{2327D54C-ABA8-4CC3-8FEA-ACF52F0B7A11} = {9D50B35B-1EAA-4620-B0A6-245456051247}
		{A9F4F7AF-8B40-484D-8589-C3ACE6C4890D} = {696CF104-5350-43FF-96E9-A9FC234EB075}
		{4A9BA6FF-0571-414E-9E07-8E7652F8217E} = {696CF104-5350-43FF-96E9-A9FC234EB075}
		{08809530-8A46-4568-8F5B-8BFE140176B7} = {696CF104-5350-43FF-96E9-A9FC234EB075}
		{2687C4FA-5DD9-4CEF-91BC-92B65B282BFB} = {696CF104-5350-43FF-96E9-A9FC234EB075}
	EndGlobalSection
	GlobalSection(ExtensibilityGlobals) = postSolution
		SolutionGuid = {DB11BB21-3F5D-42D6-8737-F19C0666F1F8}
	EndGlobalSection
EndGlobal
